
Microsoft Visual Studio Solution File, Format Version 12.00
# Visual Studio 15
VisualStudioVersion = 15.0.28307.1082
MinimumVisualStudioVersion = 10.0.40219.1
Project("{F184B08F-C81C-45F6-A57F-5ABD9991F28F}") = "ntService", "ntService.vbproj", "{0432B78F-E76A-450C-9DD9-ED55BF0F4EAE}"
EndProject
Project("{F184B08F-C81C-45F6-A57F-5ABD9991F28F}") = "WindowsService1", "test\WindowsService1.vbproj", "{20E7ECD8-1C3E-469D-8EF2-A6B971B9E88B}"
EndProject
Global
	GlobalSection(SolutionConfigurationPlatforms) = preSolution
		Debug|Any CPU = Debug|Any CPU
		Release|Any CPU = Release|Any CPU
	EndGlobalSection
	GlobalSection(ProjectConfigurationPlatforms) = postSolution
		{0432B78F-E76A-450C-9DD9-ED55BF0F4EAE}.Debug|Any CPU.ActiveCfg = Debug|Any CPU
		{0432B78F-E76A-450C-9DD9-ED55BF0F4EAE}.Debug|Any CPU.Build.0 = Debug|Any CPU
		{0432B78F-E76A-450C-9DD9-ED55BF0F4EAE}.Release|Any CPU.ActiveCfg = Release|Any CPU
		{0432B78F-E76A-450C-9DD9-ED55BF0F4EAE}.Release|Any CPU.Build.0 = Release|Any CPU
		{20E7ECD8-1C3E-469D-8EF2-A6B971B9E88B}.Debug|Any CPU.ActiveCfg = Debug|Any CPU
		{20E7ECD8-1C3E-469D-8EF2-A6B971B9E88B}.Debug|Any CPU.Build.0 = Debug|Any CPU
		{20E7ECD8-1C3E-469D-8EF2-A6B971B9E88B}.Release|Any CPU.ActiveCfg = Release|Any CPU
		{20E7ECD8-1C3E-469D-8EF2-A6B971B9E88B}.Release|Any CPU.Build.0 = Release|Any CPU
	EndGlobalSection
	GlobalSection(SolutionProperties) = preSolution
		HideSolutionNode = FALSE
	EndGlobalSection
	GlobalSection(ExtensibilityGlobals) = postSolution
		SolutionGuid = {5D81C1A1-3CBC-4BD1-9B79-429FC2456243}
	EndGlobalSection
EndGlobal
